PODS:
  - Alamofire (4.5.0)
  - NetworkRequestKit (1.1.2):
    - Alamofire (~> 4)
    - PromiseKit (~> 4)
    - SwiftyJSON (~> 3)
  - PromiseKit (4.2.2):
    - PromiseKit/Foundation (= 4.2.2)
    - PromiseKit/QuartzCore (= 4.2.2)
    - PromiseKit/UIKit (= 4.2.2)
  - PromiseKit/CorePromise (4.2.2)
  - PromiseKit/Foundation (4.2.2):
    - PromiseKit/CorePromise
  - PromiseKit/QuartzCore (4.2.2):
    - PromiseKit/CorePromise
  - PromiseKit/UIKit (4.2.2):
    - PromiseKit/CorePromise
  - SwiftyJSON (3.1.4)

DEPENDENCIES:
  - NetworkRequestKit (~> 1.1.2)

SPEC CHECKSUMS:
  Alamofire: f28cdffd29de33a7bfa022cbd63ae95a27fae140
  NetworkRequestKit: b010dfa2e9a2595c2af4f89fd5a2a3a64ce95768
  PromiseKit: 00e8886881f151c7e573d06b437915b0bb2970ec
  SwiftyJSON: c2842d878f95482ffceec5709abc3d05680c0220

PODFILE CHECKSUM: e0315ed4640054b90943157abfc1cbfb9e8fd075

COCOAPODS: 1.2.1
